{
  "name": "test-program-please-ignore-middle-java-project-429",
  "version": "1.0.0",
  "lockfileVersion": 3,
  "requires": true,
  "packages": {
    "": {
      "name": "test-program-please-ignore-middle-java-project-429",
      "version": "1.0.0",
      "license": "ISC",
      "dependencies": {
        "@hexlet/java-flight-booking-frontend": "^1.0.0"
      }
    },
    "node_modules/@hexlet/java-flight-booking-frontend": {
      "version": "1.0.0",
      "resolved": "https://registry.npmjs.org/@hexlet/java-flight-booking-frontend/-/java-flight-booking-frontend-1.0.0.tgz",
      "integrity": "sha512-Eatvf2g66URJ/gC39CFsoVqQlgVjh27hyqg9JCEQomo8VxgdGnn0Cr0QOFSGM77JLwaMFGpSubzg+xZfh1TAWw==",
      "license": "MIT"
    }
  }
}
